
Microsoft Visual Studio Solution File, Format Version 12.00
# Visual Studio Version 17
VisualStudioVersion = 17.8.34330.188
MinimumVisualStudioVersion = 10.0.40219.1
Project("{FAE04EC0-301F-11D3-BF4B-00C04F79EFBC}") = "Moolah-Mate-API", "Moolah-Mate-API.csproj", "{290C4644-7576-4C40-8DA0-B6189DAD2E75}"
EndProject
Global
	GlobalSection(SolutionConfigurationPlatforms) = preSolution
		Debug|Any CPU = Debug|Any CPU
		Release|Any CPU = Release|Any CPU
	EndGlobalSection
	GlobalSection(ProjectConfigurationPlatforms) = postSolution
		{290C4644-7576-4C40-8DA0-B6189DAD2E75}.Debug|Any CPU.ActiveCfg = Debug|Any CPU
		{290C4644-7576-4C40-8DA0-B6189DAD2E75}.Debug|Any CPU.Build.0 = Debug|Any CPU
		{290C4644-7576-4C40-8DA0-B6189DAD2E75}.Release|Any CPU.ActiveCfg = Release|Any CPU
		{290C4644-7576-4C40-8DA0-B6189DAD2E75}.Release|Any CPU.Build.0 = Release|Any CPU
	EndGlobalSection
	GlobalSection(SolutionProperties) = preSolution
		HideSolutionNode = FALSE
	EndGlobalSection
	GlobalSection(ExtensibilityGlobals) = postSolution
		SolutionGuid = {50827AE6-7535-4A81-9BDF-3904FF4B5377}
	EndGlobalSection
EndGlobal
